
Microsoft Visual Studio Solution File, Format Version 12.00
# Visual Studio Version 17
VisualStudioVersion = 17.0.31903.59
MinimumVisualStudioVersion = 10.0.40219.1
Project("{2150E333-8FDC-42A3-9474-1A3956D46DE8}") = "src", "src", "{76112D48-A13F-4853-A5FE-F5EDCABB2598}"
EndProject
Project("{2150E333-8FDC-42A3-9474-1A3956D46DE8}") = "server", "server", "{8B9BC894-3701-4819-8483-C07865051F27}"
EndProject
Project("{FAE04EC0-301F-11D3-BF4B-00C04F79EFBC}") = "ContactSystem.Core", "src\server\ContactSystem.Core\ContactSystem.Core.csproj", "{5CCC91C4-62F2-4E58-8FA1-FA5E8201817F}"
EndProject
Global
	GlobalSection(SolutionConfigurationPlatforms) = preSolution
		Debug|Any CPU = Debug|Any CPU
		Release|Any CPU = Release|Any CPU
	EndGlobalSection
	GlobalSection(SolutionProperties) = preSolution
		HideSolutionNode = FALSE
	EndGlobalSection
	GlobalSection(ProjectConfigurationPlatforms) = postSolution
		{5CCC91C4-62F2-4E58-8FA1-FA5E8201817F}.Debug|Any CPU.ActiveCfg = Debug|Any CPU
		{5CCC91C4-62F2-4E58-8FA1-FA5E8201817F}.Debug|Any CPU.Build.0 = Debug|Any CPU
		{5CCC91C4-62F2-4E58-8FA1-FA5E8201817F}.Release|Any CPU.ActiveCfg = Release|Any CPU
		{5CCC91C4-62F2-4E58-8FA1-FA5E8201817F}.Release|Any CPU.Build.0 = Release|Any CPU
	EndGlobalSection
	GlobalSection(NestedProjects) = preSolution
		{8B9BC894-3701-4819-8483-C07865051F27} = {76112D48-A13F-4853-A5FE-F5EDCABB2598}
		{5CCC91C4-62F2-4E58-8FA1-FA5E8201817F} = {8B9BC894-3701-4819-8483-C07865051F27}
	EndGlobalSection
EndGlobal
